
Microsoft Visual Studio Solution File, Format Version 12.00
# Visual Studio Version 17
VisualStudioVersion = 17.0.31903.59
MinimumVisualStudioVersion = 10.0.40219.1
Project("{FAE04EC0-301F-11D3-BF4B-00C04F79EFBC}") = "Core", "Core\Core.csproj", "{46BEA91F-1496-42FD-9CBA-7CC72EF11924}"
EndProject
Project("{FAE04EC0-301F-11D3-BF4B-00C04F79EFBC}") = "Infrastructure", "Infrastructure\Infrastructure.csproj", "{AB01B981-91F7-4685-B186-046022BC81F1}"
EndProject
Global
	GlobalSection(SolutionConfigurationPlatforms) = preSolution
		Debug|Any CPU = Debug|Any CPU
		Release|Any CPU = Release|Any CPU
	EndGlobalSection
	GlobalSection(SolutionProperties) = preSolution
		HideSolutionNode = FALSE
	EndGlobalSection
	GlobalSection(ProjectConfigurationPlatforms) = postSolution
		{46BEA91F-1496-42FD-9CBA-7CC72EF11924}.Debug|Any CPU.ActiveCfg = Debug|Any CPU
		{46BEA91F-1496-42FD-9CBA-7CC72EF11924}.Debug|Any CPU.Build.0 = Debug|Any CPU
		{46BEA91F-1496-42FD-9CBA-7CC72EF11924}.Release|Any CPU.ActiveCfg = Release|Any CPU
		{46BEA91F-1496-42FD-9CBA-7CC72EF11924}.Release|Any CPU.Build.0 = Release|Any CPU
		{AB01B981-91F7-4685-B186-046022BC81F1}.Debug|Any CPU.ActiveCfg = Debug|Any CPU
		{AB01B981-91F7-4685-B186-046022BC81F1}.Debug|Any CPU.Build.0 = Debug|Any CPU
		{AB01B981-91F7-4685-B186-046022BC81F1}.Release|Any CPU.ActiveCfg = Release|Any CPU
		{AB01B981-91F7-4685-B186-046022BC81F1}.Release|Any CPU.Build.0 = Release|Any CPU
	EndGlobalSection
EndGlobal
